[[package]]
name = "apiron"
version = "5.1.0"
description = "apiron helps you cook a tasty client for RESTful APIs. Just don't wash it with SOAP."
category = "main"
optional = false
python-versions = "*"

[package.dependencies]
requests = ">=2.11.1,<3"

[package.extras]
docs = ["importlib-metadata (==0.23)", "sphinx (==2.2.1)", "sphinx-autobuild (==0.7.1)"]
lint = ["black", "pyflakes"]
test = ["pytest (==5.2.2)", "pytest-cov (==2.8.1)", "pytest-randomly (==3.4.0)"]

[[package]]
name = "appdirs"
version = "1.4.4"
description = "A small Python module for determining appropriate platform-specific dirs, e.g. a \"user data dir\"."
category = "dev"
optional = false
python-versions = "*"

[[package]]
name = "atomicwrites"
version = "1.4.0"
description = "Atomic file writes."
category = "dev"
optional = false
python-versions = ">=2.7, !=3.0.*, !=3.1.*, !=3.2.*, !=3.3.*"

[[package]]
name = "attrs"
version = "21.4.0"
description = "Classes Without Boilerplate"
category = "dev"
optional = false
python-versions = ">=2.7, !=3.0.*, !=3.1.*, !=3.2.*, !=3.3.*, !=3.4.*"

[package.extras]
dev = ["coverage[toml] (>=5.0.2)", "hypothesis", "pympler", "pytest (>=4.3.0)", "six", "mypy", "pytest-mypy-plugins", "zope.interface", "furo", "sphinx", "sphinx-notfound-page", "pre-commit", "cloudpickle"]
docs = ["furo", "sphinx", "zope.interface", "sphinx-notfound-page"]
tests = ["coverage[toml] (>=5.0.2)", "hypothesis", "pympler", "pytest (>=4.3.0)", "six", "mypy", "pytest-mypy-plugins", "zope.interface", "cloudpickle"]
tests_no_zope = ["coverage[toml] (>=5.0.2)", "hypothesis", "pympler", "pytest (>=4.3.0)", "six", "mypy", "pytest-mypy-plugins", "cloudpickle"]

[[package]]
name = "black"
version = "20.8b1"
description = "The uncompromising code formatter."
category = "dev"
optional = false
python-versions = ">=3.6"

[package.dependencies]
appdirs = "*"
click = ">=7.1.2"
mypy-extensions = ">=0.4.3"
pathspec = ">=0.6,<1"
regex = ">=2020.1.8"
toml = ">=0.10.1"
typed-ast = ">=1.4.0"
typing-extensions = ">=3.7.4"

[package.extras]
colorama = ["colorama (>=0.4.3)"]
d = ["aiohttp (>=3.3.2)", "aiohttp-cors"]

[[package]]
name = "certifi"
version = "2021.10.8"
description = "Python package for providing Mozilla's CA Bundle."
category = "main"
optional = false
python-versions = "*"

[[package]]
name = "cffi"
version = "1.15.0"
description = "Foreign Function Interface for Python calling C code."
category = "main"
optional = false
python-versions = "*"

[package.dependencies]
pycparser = "*"

[[package]]
name = "charset-normalizer"
version = "2.0.12"
description = "The Real First Universal Charset Detector. Open, modern and actively maintained alternative to Chardet."
category = "main"
optional = false
python-versions = ">=3.5.0"

[package.extras]
unicode_backport = ["unicodedata2"]

[[package]]
name = "click"
version = "8.0.4"
description = "Composable command line interface toolkit"
category = "dev"
optional = false
python-versions = ">=3.6"

[package.dependencies]
colorama = {version = "*", markers = "platform_system == \"Windows\""}
importlib-metadata = {version = "*", markers = "python_version < \"3.8\""}

[[package]]
name = "colorama"
version = "0.4.4"
description = "Cross-platform colored terminal text."
category = "dev"
optional = false
python-versions = ">=2.7, !=3.0.*, !=3.1.*, !=3.2.*, !=3.3.*, !=3.4.*"

[[package]]
name = "cryptography"
version = "3.4.8"
description = "cryptography is a package which provides cryptographic recipes and primitives to Python developers."
category = "main"
optional = false
python-versions = ">=3.6"

[package.dependencies]
cffi = ">=1.12"

[package.extras]
docs = ["sphinx (>=1.6.5,!=1.8.0,!=3.1.0,!=3.1.1)", "sphinx-rtd-theme"]
docstest = ["doc8", "pyenchant (>=1.6.11)", "twine (>=1.12.0)", "sphinxcontrib-spelling (>=4.0.1)"]
pep8test = ["black", "flake8", "flake8-import-order", "pep8-naming"]
sdist = ["setuptools-rust (>=0.11.4)"]
ssh = ["bcrypt (>=3.1.5)"]
test = ["pytest (>=6.0)", "pytest-cov", "pytest-subtests", "pytest-xdist", "pretend", "iso8601", "pytz", "hypothesis (>=1.11.4,!=3.79.2)"]

[[package]]
name = "idna"
version = "3.3"
description = "Internationalized Domain Names in Applications (IDNA)"
category = "main"
optional = false
python-versions = ">=3.5"

[[package]]
name = "importlib-metadata"
version = "4.11.1"
description = "Read metadata from Python packages"
category = "dev"
optional = false
python-versions = ">=3.7"

[package.dependencies]
typing-extensions = {version = ">=3.6.4", markers = "python_version < \"3.8\""}
zipp = ">=0.5"

[package.extras]
docs = ["sphinx", "jaraco.packaging (>=8.2)", "rst.linker (>=1.9)"]
perf = ["ipython"]
testing = ["pytest (>=6)", "pytest-checkdocs (>=2.4)", "pytest-flake8", "pytest-cov", "pytest-enabler (>=1.0.1)", "packaging", "pyfakefs", "flufl.flake8", "pytest-perf (>=0.9.2)", "pytest-black (>=0.3.7)", "pytest-mypy (>=0.9.1)", "importlib-resources (>=1.3)"]

[[package]]
name = "iniconfig"
version = "1.1.1"
description = "iniconfig: brain-dead simple config-ini parsing"
category = "dev"
optional = false
python-versions = "*"

[[package]]
name = "munch"
version = "2.5.0"
description = "A dot-accessible dictionary (a la JavaScript objects)"
category = "main"
optional = false
python-versions = "*"

[package.dependencies]
six = "*"

[package.extras]
testing = ["pytest", "coverage", "astroid (>=1.5.3,<1.6.0)", "pylint (>=1.7.2,<1.8.0)", "astroid (>=2.0)", "pylint (>=2.3.1,<2.4.0)"]
yaml = ["PyYAML (>=5.1.0)"]

[[package]]
name = "mypy-extensions"
version = "0.4.3"
description = "Experimental type system extensions for programs checked with the mypy typechecker."
category = "dev"
optional = false
python-versions = "*"

[[package]]
name = "packaging"
version = "21.3"
description = "Core utilities for Python packages"
category = "dev"
optional = false
python-versions = ">=3.6"

[package.dependencies]
pyparsing = ">=2.0.2,<3.0.5 || >3.0.5"

[[package]]
name = "pathspec"
version = "0.9.0"
description = "Utility library for gitignore style pattern matching of file paths."
category = "dev"
optional = false
python-versions = "!=3.0.*,!=3.1.*,!=3.2.*,!=3.3.*,!=3.4.*,>=2.7"

[[package]]
name = "pluggy"
version = "1.0.0"
description = "plugin and hook calling mechanisms for python"
category = "dev"
optional = false
python-versions = ">=3.6"

[package.dependencies]
importlib-metadata = {version = ">=0.12", markers = "python_version < \"3.8\""}

[package.extras]
dev = ["pre-commit", "tox"]
testing = ["pytest", "pytest-benchmark"]

[[package]]
name = "py"
version = "1.11.0"
description = "library with cross-python path, ini-parsing, io, code, log facilities"
category = "dev"
optional = false
python-versions = ">=2.7, !=3.0.*, !=3.1.*, !=3.2.*, !=3.3.*, !=3.4.*"

[[package]]
name = "pycparser"
version = "2.21"
description = "C parser in Python"
category = "main"
optional = false
python-versions = ">=2.7, !=3.0.*, !=3.1.*, !=3.2.*, !=3.3.*"

[[package]]
name = "pyparsing"
version = "3.0.7"
description = "Python parsing module"
category = "dev"
optional = false
python-versions = ">=3.6"

[package.extras]
diagrams = ["jinja2", "railroad-diagrams"]

[[package]]
name = "pytest"
version = "6.2.5"
description = "pytest: simple powerful testing with Python"
category = "dev"
optional = false
python-versions = ">=3.6"

[package.dependencies]
atomicwrites = {version = ">=1.0", markers = "sys_platform == \"win32\""}
attrs = ">=19.2.0"
colorama = {version = "*", markers = "sys_platform == \"win32\""}
importlib-metadata = {version = ">=0.12", markers = "python_version < \"3.8\""}
iniconfig = "*"
packaging = "*"
pluggy = ">=0.12,<2.0"
py = ">=1.8.2"
toml = "*"

[package.extras]
testing = ["argcomplete", "hypothesis (>=3.56)", "mock", "nose", "requests", "xmlschema"]

[[package]]
name = "regex"
version = "2022.1.18"
description = "Alternative regular expression module, to replace re."
category = "dev"
optional = false
python-versions = "*"

[[package]]
name = "requests"
version = "2.27.1"
description = "Python HTTP for Humans."
category = "main"
optional = false
python-versions = ">=2.7, !=3.0.*, !=3.1.*, !=3.2.*, !=3.3.*, !=3.4.*, !=3.5.*"

[package.dependencies]
certifi = ">=2017.4.17"
charset-normalizer = {version = ">=2.0.0,<2.1.0", markers = "python_version >= \"3\""}
idna = {version = ">=2.5,<4", markers = "python_version >= \"3\""}
urllib3 = ">=1.21.1,<1.27"

[package.extras]
socks = ["PySocks (>=1.5.6,!=1.5.7)", "win-inet-pton"]
use_chardet_on_py3 = ["chardet (>=3.0.2,<5)"]

[[package]]
name = "responses"
version = "0.16.0"
description = "A utility library for mocking out the `requests` Python library."
category = "dev"
optional = false
python-versions = ">=2.7, !=3.0.*, !=3.1.*, !=3.2.*, !=3.3.*, !=3.4.*"

[package.dependencies]
requests = ">=2.0"
six = "*"
urllib3 = ">=1.25.10"

[package.extras]
tests = ["coverage (>=3.7.1,<6.0.0)", "pytest-cov", "pytest-localserver", "flake8", "types-mock", "types-requests", "types-six", "pytest (>=4.6,<5.0)", "pytest (>=4.6)", "mypy"]

[[package]]
name = "six"
version = "1.16.0"
description = "Python 2 and 3 compatibility utilities"
category = "main"
optional = false
python-versions = ">=2.7, !=3.0.*, !=3.1.*, !=3.2.*"

[[package]]
name = "toml"
version = "0.10.2"
description = "Python Library for Tom's Obvious, Minimal Language"
category = "dev"
optional = false
python-versions = ">=2.6, !=3.0.*, !=3.1.*, !=3.2.*"

[[package]]
name = "typed-ast"
version = "1.5.2"
description = "a fork of Python 2 and 3 ast modules with type comment support"
category = "dev"
optional = false
python-versions = ">=3.6"

[[package]]
name = "typing-extensions"
version = "4.1.1"
description = "Backported and Experimental Type Hints for Python 3.6+"
category = "dev"
optional = false
python-versions = ">=3.6"

[[package]]
name = "urllib3"
version = "1.26.8"
description = "HTTP library with thread-safe connection pooling, file post, and more."
category = "main"
optional = false
python-versions = ">=2.7, !=3.0.*, !=3.1.*, !=3.2.*, !=3.3.*, !=3.4.*, <4"

[package.extras]
brotli = ["brotlipy (>=0.6.0)"]
secure = ["pyOpenSSL (>=0.14)", "cryptography (>=1.3.4)", "idna (>=2.0.0)", "certifi", "ipaddress"]
socks = ["PySocks (>=1.5.6,!=1.5.7,<2.0)"]

[[package]]
name = "zipp"
version = "3.7.0"
description = "Backport of pathlib-compatible object wrapper for zip files"
category = "dev"
optional = false
python-versions = ">=3.7"

[package.extras]
docs = ["sphinx", "jaraco.packaging (>=8.2)", "rst.linker (>=1.9)"]
testing = ["pytest (>=6)", "pytest-checkdocs (>=2.4)", "pytest-flake8", "pytest-cov", "pytest-enabler (>=1.0.1)", "jaraco.itertools", "func-timeout", "pytest-black (>=0.3.7)", "pytest-mypy"]

[metadata]
lock-version = "1.1"
python-versions = "^3.7"
content-hash = "c5ce23ba56640158126e667ab6fec907d7023a63f71f8a9793ae4ee372531e7f"

[metadata.files]
apiron = [
    {file = "apiron-5.1.0-py3-none-any.whl", hash = "sha256:c9d0c21bb09cf3592874755b27cf6bb52801e1cc32b080297d29276281904161"},
    {file = "apiron-5.1.0.tar.gz", hash = "sha256:13a3acfb94fd3075132d4e4e8ccd215d46b4cfd8cbea20edc70a387d88c58be3"},
]
appdirs = [
    {file = "appdirs-1.4.4-py2.py3-none-any.whl", hash = "sha256:a841dacd6b99318a741b166adb07e19ee71a274450e68237b4650ca1055ab128"},
    {file = "appdirs-1.4.4.tar.gz", hash = "sha256:7d5d0167b2b1ba821647616af46a749d1c653740dd0d2415100fe26e27afdf41"},
]
atomicwrites = [
    {file = "atomicwrites-1.4.0-py2.py3-none-any.whl", hash = "sha256:6d1784dea7c0c8d4a5172b6c620f40b6e4cbfdf96d783691f2e1302a7b88e197"},
    {file = "atomicwrites-1.4.0.tar.gz", hash = "sha256:ae70396ad1a434f9c7046fd2dd196fc04b12f9e91ffb859164193be8b6168a7a"},
]
attrs = [
    {file = "attrs-21.4.0-py2.py3-none-any.whl", hash = "sha256:2d27e3784d7a565d36ab851fe94887c5eccd6a463168875832a1be79c82828b4"},
    {file = "attrs-21.4.0.tar.gz", hash = "sha256:626ba8234211db98e869df76230a137c4c40a12d72445c45d5f5b716f076e2fd"},
]
black = [
    {file = "black-20.8b1.tar.gz", hash = "sha256:1c02557aa099101b9d21496f8a914e9ed2222ef70336404eeeac8edba836fbea"},
]
certifi = [
    {file = "certifi-2021.10.8-py2.py3-none-any.whl", hash = "sha256:d62a0163eb4c2344ac042ab2bdf75399a71a2d8c7d47eac2e2ee91b9d6339569"},
    {file = "certifi-2021.10.8.tar.gz", hash = "sha256:78884e7c1d4b00ce3cea67b44566851c4343c120abd683433ce934a68ea58872"},
]
cffi = [
    {file = "cffi-1.15.0-cp27-cp27m-macosx_10_9_x86_64.whl", hash = "sha256:c2502a1a03b6312837279c8c1bd3ebedf6c12c4228ddbad40912d671ccc8a962"},
    {file = "cffi-1.15.0-cp27-cp27m-manylinux1_i686.whl", hash = "sha256:23cfe892bd5dd8941608f93348c0737e369e51c100d03718f108bf1add7bd6d0"},
    {file = "cffi-1.15.0-cp27-cp27m-manylinux1_x86_64.whl", hash = "sha256:41d45de54cd277a7878919867c0f08b0cf817605e4eb94093e7516505d3c8d14"},
    {file = "cffi-1.15.0-cp27-cp27m-win32.whl", hash = "sha256:4a306fa632e8f0928956a41fa8e1d6243c71e7eb59ffbd165fc0b41e316b2474"},
    {file = "cffi-1.15.0-cp27-cp27m-win_amd64.whl", hash = "sha256:e7022a66d9b55e93e1a845d8c9eba2a1bebd4966cd8bfc25d9cd07d515b33fa6"},
    {file = "cffi-1.15.0-cp27-cp27mu-manylinux1_i686.whl", hash = "sha256:14cd121ea63ecdae71efa69c15c5543a4b5fbcd0bbe2aad864baca0063cecf27"},
    {file = "cffi-1.15.0-cp27-cp27mu-manylinux1_x86_64.whl", hash = "sha256:d4d692a89c5cf08a8557fdeb329b82e7bf609aadfaed6c0d79f5a449a3c7c023"},
    {file = "cffi-1.15.0-cp310-cp310-macosx_10_9_x86_64.whl", hash = "sha256:0104fb5ae2391d46a4cb082abdd5c69ea4eab79d8d44eaaf79f1b1fd806ee4c2"},
    {file = "cffi-1.15.0-cp310-cp310-macosx_11_0_arm64.whl", hash = "sha256:91ec59c33514b7c7559a6acda53bbfe1b283949c34fe7440bcf917f96ac0723e"},
    {file = "cffi-1.15.0-cp310-cp310-manylinux_2_12_i686.manylinux2010_i686.whl", hash = "sha256:f5c7150ad32ba43a07c4479f40241756145a1f03b43480e058cfd862bf5041c7"},
    {file = "cffi-1.15.0-cp310-cp310-manylinux_2_12_x86_64.manylinux2010_x86_64.whl", hash = "sha256:00c878c90cb53ccfaae6b8bc18ad05d2036553e6d9d1d9dbcf323bbe83854ca3"},
    {file = "cffi-1.15.0-cp310-cp310-manylinux_2_17_aarch64.manylinux2014_aarch64.whl", hash = "sha256:abb9a20a72ac4e0fdb50dae135ba5e77880518e742077ced47eb1499e29a443c"},
    {file = "cffi-1.15.0-cp310-cp310-manylinux_2_17_ppc64le.manylinux2014_ppc64le.whl", hash = "sha256:a5263e363c27b653a90078143adb3d076c1a748ec9ecc78ea2fb916f9b861962"},
    {file = "cffi-1.15.0-cp310-cp310-manylinux_2_17_s390x.manylinux2014_s390x.whl", hash = "sha256:f54a64f8b0c8ff0b64d18aa76675262e1700f3995182267998c31ae974fbc382"},
    {file = "cffi-1.15.0-cp310-cp310-win32.whl", hash = "sha256:c21c9e3896c23007803a875460fb786118f0cdd4434359577ea25eb556e34c55"},
    {file = "cffi-1.15.0-cp310-cp310-win_amd64.whl", hash = "sha256:5e069f72d497312b24fcc02073d70cb989045d1c91cbd53979366077959933e0"},
    {file = "cffi-1.15.0-cp36-cp36m-macosx_10_9_x86_64.whl", hash = "sha256:64d4ec9f448dfe041705426000cc13e34e6e5bb13736e9fd62e34a0b0c41566e"},
    {file = "cffi-1.15.0-cp36-cp36m-manylinux_2_17_aarch64.manylinux2014_aarch64.whl", hash = "sha256:2756c88cbb94231c7a147402476be2c4df2f6078099a6f4a480d239a8817ae39"},
    {file = "cffi-1.15.0-cp36-cp36m-manylinux_2_17_ppc64le.manylinux2014_ppc64le.whl", hash = "sha256:3b96a311ac60a3f6be21d2572e46ce67f09abcf4d09344c49274eb9e0bf345fc"},
    {file = "cffi-1.15.0-cp36-cp36m-manylinux_2_17_s390x.manylinux2014_s390x.whl", hash = "sha256:75e4024375654472cc27e91cbe9eaa08567f7fbdf822638be2814ce059f58032"},
    {file = "cffi-1.15.0-cp36-cp36m-manylinux_2_5_i686.manylinux1_i686.whl", hash = "sha256:59888172256cac5629e60e72e86598027aca6bf01fa2465bdb676d37636573e8"},
    {file = "cffi-1.15.0-cp36-cp36m-manylinux_2_5_x86_64.manylinux1_x86_64.whl", hash = "sha256:27c219baf94952ae9d50ec19651a687b826792055353d07648a5695413e0c605"},
    {file = "cffi-1.15.0-cp36-cp36m-win32.whl", hash = "sha256:4958391dbd6249d7ad855b9ca88fae690783a6be9e86df65865058ed81fc860e"},
    {file = "cffi-1.15.0-cp36-cp36m-win_amd64.whl", hash = "sha256:f6f824dc3bce0edab5f427efcfb1d63ee75b6fcb7282900ccaf925be84efb0fc"},
    {file = "cffi-1.15.0-cp37-cp37m-macosx_10_9_x86_64.whl", hash = "sha256:06c48159c1abed75c2e721b1715c379fa3200c7784271b3c46df01383b593636"},
    {file = "cffi-1.15.0-cp37-cp37m-manylinux_2_12_i686.manylinux2010_i686.whl", hash = "sha256:c2051981a968d7de9dd2d7b87bcb9c939c74a34626a6e2f8181455dd49ed69e4"},
    {file = "cffi-1.15.0-cp37-cp37m-manylinux_2_12_x86_64.manylinux2010_x86_64.whl", hash = "sha256:fd8a250edc26254fe5b33be00402e6d287f562b6a5b2152dec302fa15bb3e997"},
    {file = "cffi-1.15.0-cp37-cp37m-manylinux_2_17_aarch64.manylinux2014_aarch64.whl", hash = "sha256:91d77d2a782be4274da750752bb1650a97bfd8f291022b379bb8e01c66b4e96b"},
    {file = "cffi-1.15.0-cp37-cp37m-manylinux_2_17_ppc64le.manylinux2014_ppc64le.whl", hash = "sha256:45db3a33139e9c8f7c09234b5784a5e33d31fd6907800b316decad50af323ff2"},
    {file = "cffi-1.15.0-cp37-cp37m-manylinux_2_17_s390x.manylinux2014_s390x.whl", hash = "sha256:263cc3d821c4ab2213cbe8cd8b355a7f72a8324577dc865ef98487c1aeee2bc7"},
    {file = "cffi-1.15.0-cp37-cp37m-win32.whl", hash = "sha256:17771976e82e9f94976180f76468546834d22a7cc404b17c22df2a2c81db0c66"},
    {file = "cffi-1.15.0-cp37-cp37m-win_amd64.whl", hash = "sha256:3415c89f9204ee60cd09b235810be700e993e343a408693e80ce7f6a40108029"},
    {file = "cffi-1.15.0-cp38-cp38-macosx_10_9_x86_64.whl", hash = "sha256:4238e6dab5d6a8ba812de994bbb0a79bddbdf80994e4ce802b6f6f3142fcc880"},
    {file = "cffi-1.15.0-cp38-cp38-manylinux_2_12_i686.manylinux2010_i686.whl", hash = "sha256:0808014eb713677ec1292301ea4c81ad277b6cdf2fdd90fd540af98c0b101d20"},
    {file = "cffi-1.15.0-cp38-cp38-manylinux_2_12_x86_64.manylinux2010_x86_64.whl", hash = "sha256:57e9ac9ccc3101fac9d6014fba037473e4358ef4e89f8e181f8951a2c0162024"},
    {file = "cffi-1.15.0-cp38-cp38-manylinux_2_17_aarch64.manylinux2014_aarch64.whl", hash = "sha256:8b6c2ea03845c9f501ed1313e78de148cd3f6cad741a75d43a29b43da27f2e1e"},
    {file = "cffi-1.15.0-cp38-cp38-manylinux_2_17_ppc64le.manylinux2014_ppc64le.whl", hash = "sha256:10dffb601ccfb65262a27233ac273d552ddc4d8ae1bf93b21c94b8511bffe728"},
    {file = "cffi-1.15.0-cp38-cp38-manylinux_2_17_s390x.manylinux2014_s390x.whl", hash = "sha256:786902fb9ba7433aae840e0ed609f45c7bcd4e225ebb9c753aa39725bb3e6ad6"},
    {file = "cffi-1.15.0-cp38-cp38-win32.whl", hash = "sha256:da5db4e883f1ce37f55c667e5c0de439df76ac4cb55964655906306918e7363c"},
    {file = "cffi-1.15.0-cp38-cp38-win_amd64.whl", hash = "sha256:181dee03b1170ff1969489acf1c26533710231c58f95534e3edac87fff06c443"},
    {file = "cffi-1.15.0-cp39-cp39-macosx_10_9_x86_64.whl", hash = "sha256:45e8636704eacc432a206ac7345a5d3d2c62d95a507ec70d62f23cd91770482a"},
    {file = "cffi-1.15.0-cp39-cp39-macosx_11_0_arm64.whl", hash = "sha256:31fb708d9d7c3f49a60f04cf5b119aeefe5644daba1cd2a0fe389b674fd1de37"},
    {file = "cffi-1.15.0-cp39-cp39-manylinux_2_12_i686.manylinux2010_i686.whl", hash = "sha256:6dc2737a3674b3e344847c8686cf29e500584ccad76204efea14f451d4cc669a"},
    {file = "cffi-1.15.0-cp39-cp39-manylinux_2_12_x86_64.manylinux2010_x86_64.whl", hash = "sha256:74fdfdbfdc48d3f47148976f49fab3251e550a8720bebc99bf1483f5bfb5db3e"},
    {file = "cffi-1.15.0-cp39-cp39-manylinux_2_17_aarch64.manylinux2014_aarch64.whl", hash = "sha256:ffaa5c925128e29efbde7301d8ecaf35c8c60ffbcd6a1ffd3a552177c8e5e796"},
    {file = "cffi-1.15.0-cp39-cp39-manylinux_2_17_ppc64le.manylinux2014_ppc64le.whl", hash = "sha256:3f7d084648d77af029acb79a0ff49a0ad7e9d09057a9bf46596dac9514dc07df"},
    {file = "cffi-1.15.0-cp39-cp39-manylinux_2_17_s390x.manylinux2014_s390x.whl", hash = "sha256:ef1f279350da2c586a69d32fc8733092fd32cc8ac95139a00377841f59a3f8d8"},
    {file = "cffi-1.15.0-cp39-cp39-win32.whl", hash = "sha256:2a23af14f408d53d5e6cd4e3d9a24ff9e05906ad574822a10563efcef137979a"},
    {file = "cffi-1.15.0-cp39-cp39-win_amd64.whl", hash = "sha256:3773c4d81e6e818df2efbc7dd77325ca0dcb688116050fb2b3011218eda36139"},
    {file = "cffi-1.15.0.tar.gz", hash = "sha256:920f0d66a896c2d99f0adbb391f990a84091179542c205fa53ce5787aff87954"},
]
charset-normalizer = [
    {file = "charset-normalizer-2.0.12.tar.gz", hash = "sha256:2857e29ff0d34db842cd7ca3230549d1a697f96ee6d3fb071cfa6c7393832597"},
    {file = "charset_normalizer-2.0.12-py3-none-any.whl", hash = "sha256:6881edbebdb17b39b4eaaa821b438bf6eddffb4468cf344f09f89def34a8b1df"},
]
click = [
    {file = "click-8.0.4-py3-none-any.whl", hash = "sha256:6a7a62563bbfabfda3a38f3023a1db4a35978c0abd76f6c9605ecd6554d6d9b1"},
    {file = "click-8.0.4.tar.gz", hash = "sha256:8458d7b1287c5fb128c90e23381cf99dcde74beaf6c7ff6384ce84d6fe090adb"},
]
colorama = [
    {file = "colorama-0.4.4-py2.py3-none-any.whl", hash = "sha256:9f47eda37229f68eee03b24b9748937c7dc3868f906e8ba69fbcbdd3bc5dc3e2"},
    {file = "colorama-0.4.4.tar.gz", hash = "sha256:5941b2b48a20143d2267e95b1c2a7603ce057ee39fd88e7329b0c292aa16869b"},
]
cryptography = [
    {file = "cryptography-3.4.8-cp36-abi3-macosx_10_10_x86_64.whl", hash = "sha256:a00cf305f07b26c351d8d4e1af84ad7501eca8a342dedf24a7acb0e7b7406e14"},
    {file = "cryptography-3.4.8-cp36-abi3-macosx_11_0_arm64.whl", hash = "sha256:f44d141b8c4ea5eb4dbc9b3ad992d45580c1d22bf5e24363f2fbf50c2d7ae8a7"},
    {file = "cryptography-3.4.8-cp36-abi3-manylinux_2_12_x86_64.manylinux2010_x86_64.whl", hash = "sha256:0a7dcbcd3f1913f664aca35d47c1331fce738d44ec34b7be8b9d332151b0b01e"},
    {file = "cryptography-3.4.8-cp36-abi3-manylinux_2_17_aarch64.manylinux2014_aarch64.whl", hash = "sha256:34dae04a0dce5730d8eb7894eab617d8a70d0c97da76b905de9efb7128ad7085"},
    {file = "cryptography-3.4.8-cp36-abi3-manylinux_2_17_x86_64.manylinux2014_x86_64.whl", hash = "sha256:1eb7bb0df6f6f583dd8e054689def236255161ebbcf62b226454ab9ec663746b"},
    {file = "cryptography-3.4.8-cp36-abi3-manylinux_2_24_x86_64.whl", hash = "sha256:9965c46c674ba8cc572bc09a03f4c649292ee73e1b683adb1ce81e82e9a6a0fb"},
    {file = "cryptography-3.4.8-cp36-abi3-musllinux_1_1_aarch64.whl", hash = "sha256:3c4129fc3fdc0fa8e40861b5ac0c673315b3c902bbdc05fc176764815b43dd1d"},
    {file = "cryptography-3.4.8-cp36-abi3-musllinux_1_1_x86_64.whl", hash = "sha256:695104a9223a7239d155d7627ad912953b540929ef97ae0c34c7b8bf30857e89"},
    {file = "cryptography-3.4.8-cp36-abi3-win32.whl", hash = "sha256:21ca464b3a4b8d8e86ba0ee5045e103a1fcfac3b39319727bc0fc58c09c6aff7"},
    {file = "cryptography-3.4.8-cp36-abi3-win_amd64.whl", hash = "sha256:3520667fda779eb788ea00080124875be18f2d8f0848ec00733c0ec3bb8219fc"},
    {file = "cryptography-3.4.8-pp36-pypy36_pp73-manylinux_2_12_x86_64.manylinux2010_x86_64.whl", hash = "sha256:d2a6e5ef66503da51d2110edf6c403dc6b494cc0082f85db12f54e9c5d4c3ec5"},
    {file = "cryptography-3.4.8-pp36-pypy36_pp73-manylinux_2_17_x86_64.manylinux2014_x86_64.whl", hash = "sha256:a305600e7a6b7b855cd798e00278161b681ad6e9b7eca94c721d5f588ab212af"},
    {file = "cryptography-3.4.8-pp36-pypy36_pp73-manylinux_2_24_x86_64.whl", hash = "sha256:3fa3a7ccf96e826affdf1a0a9432be74dc73423125c8f96a909e3835a5ef194a"},
    {file = "cryptography-3.4.8-pp37-pypy37_pp73-macosx_10_10_x86_64.whl", hash = "sha256:d9ec0e67a14f9d1d48dd87a2531009a9b251c02ea42851c060b25c782516ff06"},
    {file = "cryptography-3.4.8-pp37-pypy37_pp73-manylinux_2_12_x86_64.manylinux2010_x86_64.whl", hash = "sha256:5b0fbfae7ff7febdb74b574055c7466da334a5371f253732d7e2e7525d570498"},
    {file = "cryptography-3.4.8-pp37-pypy37_pp73-manylinux_2_17_x86_64.manylinux2014_x86_64.whl", hash = "sha256:94fff993ee9bc1b2440d3b7243d488c6a3d9724cc2b09cdb297f6a886d040ef7"},
    {file = "cryptography-3.4.8-pp37-pypy37_pp73-manylinux_2_24_x86_64.whl", hash = "sha256:8695456444f277af73a4877db9fc979849cd3ee74c198d04fc0776ebc3db52b9"},
    {file = "cryptography-3.4.8-pp37-pypy37_pp73-win_amd64.whl", hash = "sha256:cd65b60cfe004790c795cc35f272e41a3df4631e2fb6b35aa7ac6ef2859d554e"},
    {file = "cryptography-3.4.8.tar.gz", hash = "sha256:94cc5ed4ceaefcbe5bf38c8fba6a21fc1d365bb8fb826ea1688e3370b2e24a1c"},
]
idna = [
    {file = "idna-3.3-py3-none-any.whl", hash = "sha256:84d9dd047ffa80596e0f246e2eab0b391788b0503584e8945f2368256d2735ff"},
    {file = "idna-3.3.tar.gz", hash = "sha256:9d643ff0a55b762d5cdb124b8eaa99c66322e2157b69160bc32796e824360e6d"},
]
importlib-metadata = [
    {file = "importlib_metadata-4.11.1-py3-none-any.whl", hash = "sha256:e0bc84ff355328a4adfc5240c4f211e0ab386f80aa640d1b11f0618a1d282094"},
    {file = "importlib_metadata-4.11.1.tar.gz", hash = "sha256:175f4ee440a0317f6e8d81b7f8d4869f93316170a65ad2b007d2929186c8052c"},
]
iniconfig = [
    {file = "iniconfig-1.1.1-py2.py3-none-any.whl", hash = "sha256:011e24c64b7f47f6ebd835bb12a743f2fbe9a26d4cecaa7f53bc4f35ee9da8b3"},
    {file = "iniconfig-1.1.1.tar.gz", hash = "sha256:bc3af051d7d14b2ee5ef9969666def0cd1a000e121eaea580d4a313df4b37f32"},
]
munch = [
    {file = "munch-2.5.0-py2.py3-none-any.whl", hash = "sha256:6f44af89a2ce4ed04ff8de41f70b226b984db10a91dcc7b9ac2efc1c77022fdd"},
    {file = "munch-2.5.0.tar.gz", hash = "sha256:2d735f6f24d4dba3417fa448cae40c6e896ec1fdab6cdb5e6510999758a4dbd2"},
]
mypy-extensions = [
    {file = "mypy_extensions-0.4.3-py2.py3-none-any.whl", hash = "sha256:090fedd75945a69ae91ce1303b5824f428daf5a028d2f6ab8a299250a846f15d"},
    {file = "mypy_extensions-0.4.3.tar.gz", hash = "sha256:2d82818f5bb3e369420cb3c4060a7970edba416647068eb4c5343488a6c604a8"},
]
packaging = [
    {file = "packaging-21.3-py3-none-any.whl", hash = "sha256:ef103e05f519cdc783ae24ea4e2e0f508a9c99b2d4969652eed6a2e1ea5bd522"},
    {file = "packaging-21.3.tar.gz", hash = "sha256:dd47c42927d89ab911e606518907cc2d3a1f38bbd026385970643f9c5b8ecfeb"},
]
pathspec = [
    {file = "pathspec-0.9.0-py2.py3-none-any.whl", hash = "sha256:7d15c4ddb0b5c802d161efc417ec1a2558ea2653c2e8ad9c19098201dc1c993a"},
    {file = "pathspec-0.9.0.tar.gz", hash = "sha256:e564499435a2673d586f6b2130bb5b95f04a3ba06f81b8f895b651a3c76aabb1"},
]
pluggy = [
    {file = "pluggy-1.0.0-py2.py3-none-any.whl", hash = "sha256:74134bbf457f031a36d68416e1509f34bd5ccc019f0bcc952c7b909d06b37bd3"},
    {file = "pluggy-1.0.0.tar.gz", hash = "sha256:4224373bacce55f955a878bf9cfa763c1e360858e330072059e10bad68531159"},
]
py = [
    {file = "py-1.11.0-py2.py3-none-any.whl", hash = "sha256:607c53218732647dff4acdfcd50cb62615cedf612e72d1724fb1a0cc6405b378"},
    {file = "py-1.11.0.tar.gz", hash = "sha256:51c75c4126074b472f746a24399ad32f6053d1b34b68d2fa41e558e6f4a98719"},
]
pycparser = [
    {file = "pycparser-2.21-py2.py3-none-any.whl", hash = "sha256:8ee45429555515e1f6b185e78100aea234072576aa43ab53aefcae078162fca9"},
    {file = "pycparser-2.21.tar.gz", hash = "sha256:e644fdec12f7872f86c58ff790da456218b10f863970249516d60a5eaca77206"},
]
pyparsing = [
    {file = "pyparsing-3.0.7-py3-none-any.whl", hash = "sha256:a6c06a88f252e6c322f65faf8f418b16213b51bdfaece0524c1c1bc30c63c484"},
    {file = "pyparsing-3.0.7.tar.gz", hash = "sha256:18ee9022775d270c55187733956460083db60b37d0d0fb357445f3094eed3eea"},
]
pytest = [
    {file = "pytest-6.2.5-py3-none-any.whl", hash = "sha256:7310f8d27bc79ced999e760ca304d69f6ba6c6649c0b60fb0e04a4a77cacc134"},
    {file = "pytest-6.2.5.tar.gz", hash = "sha256:131b36680866a76e6781d13f101efb86cf674ebb9762eb70d3082b6f29889e89"},
]
regex = [
    {file = "regex-2022.1.18-cp310-cp310-macosx_10_9_x86_64.whl", hash = "sha256:34316bf693b1d2d29c087ee7e4bb10cdfa39da5f9c50fa15b07489b4ab93a1b5"},
    {file = "regex-2022.1.18-cp310-cp310-macosx_11_0_arm64.whl", hash = "sha256:7a0b9f6a1a15d494b35f25ed07abda03209fa76c33564c09c9e81d34f4b919d7"},
    {file = "regex-2022.1.18-cp310-cp310-manylinux_2_17_aarch64.manylinux2014_aarch64.whl", hash = "sha256:f99112aed4fb7cee00c7f77e8b964a9b10f69488cdff626ffd797d02e2e4484f"},
    {file = "regex-2022.1.18-cp310-cp310-manylinux_2_17_ppc64le.manylinux2014_ppc64le.whl", hash = "sha256:9a2bf98ac92f58777c0fafc772bf0493e67fcf677302e0c0a630ee517a43b949"},
    {file = "regex-2022.1.18-cp310-cp310-manylinux_2_17_s390x.manylinux2014_s390x.whl", hash = "sha256:8618d9213a863c468a865e9d2ec50221015f7abf52221bc927152ef26c484b4c"},
    {file = "regex-2022.1.18-cp310-cp310-manylinux_2_17_x86_64.manylinux2014_x86_64.whl", hash = "sha256:b52cc45e71657bc4743a5606d9023459de929b2a198d545868e11898ba1c3f59"},
    {file = "regex-2022.1.18-cp310-cp310-manylinux_2_5_i686.manylinux1_i686.manylinux_2_17_i686.manylinux2014_i686.whl", hash = "sha256:7e12949e5071c20ec49ef00c75121ed2b076972132fc1913ddf5f76cae8d10b4"},
    {file = "regex-2022.1.18-cp310-cp310-manylinux_2_5_x86_64.manylinux1_x86_64.manylinux_2_12_x86_64.manylinux2010_x86_64.whl", hash = "sha256:b02e3e72665cd02afafb933453b0c9f6c59ff6e3708bd28d0d8580450e7e88af"},
    {file = "regex-2022.1.18-cp310-cp310-musllinux_1_1_aarch64.whl", hash = "sha256:abfcb0ef78df0ee9df4ea81f03beea41849340ce33a4c4bd4dbb99e23ec781b6"},
    {file = "regex-2022.1.18-cp310-cp310-musllinux_1_1_i686.whl", hash = "sha256:6213713ac743b190ecbf3f316d6e41d099e774812d470422b3a0f137ea635832"},
    {file = "regex-2022.1.18-cp310-cp310-musllinux_1_1_ppc64le.whl", hash = "sha256:61ebbcd208d78658b09e19c78920f1ad38936a0aa0f9c459c46c197d11c580a0"},
    {file = "regex-2022.1.18-cp310-cp310-musllinux_1_1_s390x.whl", hash = "sha256:b013f759cd69cb0a62de954d6d2096d648bc210034b79b1881406b07ed0a83f9"},
    {file = "regex-2022.1.18-cp310-cp310-musllinux_1_1_x86_64.whl", hash = "sha256:9187500d83fd0cef4669385cbb0961e227a41c0c9bc39219044e35810793edf7"},
    {file = "regex-2022.1.18-cp310-cp310-win32.whl", hash = "sha256:94c623c331a48a5ccc7d25271399aff29729fa202c737ae3b4b28b89d2b0976d"},
    {file = "regex-2022.1.18-cp310-cp310-win_amd64.whl", hash = "sha256:1a171eaac36a08964d023eeff740b18a415f79aeb212169080c170ec42dd5184"},
    {file = "regex-2022.1.18-cp36-cp36m-macosx_10_9_x86_64.whl", hash = "sha256:49810f907dfe6de8da5da7d2b238d343e6add62f01a15d03e2195afc180059ed"},
    {file = "regex-2022.1.18-cp36-cp36m-manylinux_2_17_aarch64.manylinux2014_aarch64.whl", hash = "sha256:0d2f5c3f7057530afd7b739ed42eb04f1011203bc5e4663e1e1d01bb50f813e3"},
    {file = "regex-2022.1.18-cp36-cp36m-manylinux_2_17_ppc64le.manylinux2014_ppc64le.whl", hash = "sha256:85ffd6b1cb0dfb037ede50ff3bef80d9bf7fa60515d192403af6745524524f3b"},
    {file = "regex-2022.1.18-cp36-cp36m-manylinux_2_17_s390x.manylinux2014_s390x.whl", hash = "sha256:ba37f11e1d020969e8a779c06b4af866ffb6b854d7229db63c5fdddfceaa917f"},
    {file = "regex-2022.1.18-cp36-cp36m-manylinux_2_17_x86_64.manylinux2014_x86_64.whl", hash = "sha256:637e27ea1ebe4a561db75a880ac659ff439dec7f55588212e71700bb1ddd5af9"},
    {file = "regex-2022.1.18-cp36-cp36m-manylinux_2_5_i686.manylinux1_i686.manylinux_2_17_i686.manylinux2014_i686.whl", hash = "sha256:37978254d9d00cda01acc1997513f786b6b971e57b778fbe7c20e30ae81a97f3"},
    {file = "regex-2022.1.18-cp36-cp36m-manylinux_2_5_x86_64.manylinux1_x86_64.manylinux_2_12_x86_64.manylinux2010_x86_64.whl", hash = "sha256:e54a1eb9fd38f2779e973d2f8958fd575b532fe26013405d1afb9ee2374e7ab8"},
    {file = "regex-2022.1.18-cp36-cp36m-musllinux_1_1_aarch64.whl", hash = "sha256:768632fd8172ae03852e3245f11c8a425d95f65ff444ce46b3e673ae5b057b74"},
    {file = "regex-2022.1.18-cp36-cp36m-musllinux_1_1_i686.whl", hash = "sha256:de2923886b5d3214be951bc2ce3f6b8ac0d6dfd4a0d0e2a4d2e5523d8046fdfb"},
    {file = "regex-2022.1.18-cp36-cp36m-musllinux_1_1_ppc64le.whl", hash = "sha256:1333b3ce73269f986b1fa4d5d395643810074dc2de5b9d262eb258daf37dc98f"},
    {file = "regex-2022.1.18-cp36-cp36m-musllinux_1_1_s390x.whl", hash = "sha256:d19a34f8a3429bd536996ad53597b805c10352a8561d8382e05830df389d2b43"},
    {file = "regex-2022.1.18-cp36-cp36m-musllinux_1_1_x86_64.whl", hash = "sha256:8d2f355a951f60f0843f2368b39970e4667517e54e86b1508e76f92b44811a8a"},
    {file = "regex-2022.1.18-cp36-cp36m-win32.whl", hash = "sha256:2245441445099411b528379dee83e56eadf449db924648e5feb9b747473f42e3"},
    {file = "regex-2022.1.18-cp36-cp36m-win_amd64.whl", hash = "sha256:25716aa70a0d153cd844fe861d4f3315a6ccafce22b39d8aadbf7fcadff2b633"},
    {file = "regex-2022.1.18-cp37-cp37m-macosx_10_9_x86_64.whl", hash = "sha256:7e070d3aef50ac3856f2ef5ec7214798453da878bb5e5a16c16a61edf1817cc3"},
    {file = "regex-2022.1.18-cp37-cp37m-manylinux_2_17_aarch64.manylinux2014_aarch64.whl", hash = "sha256:22709d701e7037e64dae2a04855021b62efd64a66c3ceed99dfd684bfef09e38"},
    {file = "regex-2022.1.18-cp37-cp37m-manylinux_2_17_ppc64le.manylinux2014_ppc64le.whl", hash = "sha256:c9099bf89078675c372339011ccfc9ec310310bf6c292b413c013eb90ffdcafc"},
    {file = "regex-2022.1.18-cp37-cp37m-manylinux_2_17_s390x.manylinux2014_s390x.whl", hash = "sha256:04611cc0f627fc4a50bc4a9a2e6178a974c6a6a4aa9c1cca921635d2c47b9c87"},
    {file = "regex-2022.1.18-cp37-cp37m-manylinux_2_17_x86_64.manylinux2014_x86_64.whl", hash = "sha256:552a39987ac6655dad4bf6f17dd2b55c7b0c6e949d933b8846d2e312ee80005a"},
    {file = "regex-2022.1.18-cp37-cp37m-manylinux_2_5_i686.manylinux1_i686.manylinux_2_17_i686.manylinux2014_i686.whl", hash = "sha256:1e031899cb2bc92c0cf4d45389eff5b078d1936860a1be3aa8c94fa25fb46ed8"},
    {file = "regex-2022.1.18-cp37-cp37m-manylinux_2_5_x86_64.manylinux1_x86_64.manylinux_2_12_x86_64.manylinux2010_x86_64.whl", hash = "sha256:2dacb3dae6b8cc579637a7b72f008bff50a94cde5e36e432352f4ca57b9e54c4"},
    {file = "regex-2022.1.18-cp37-cp37m-musllinux_1_1_aarch64.whl", hash = "sha256:e5c31d70a478b0ca22a9d2d76d520ae996214019d39ed7dd93af872c7f301e52"},
    {file = "regex-2022.1.18-cp37-cp37m-musllinux_1_1_i686.whl", hash = "sha256:bb804c7d0bfbd7e3f33924ff49757de9106c44e27979e2492819c16972ec0da2"},
    {file = "regex-2022.1.18-cp37-cp37m-musllinux_1_1_ppc64le.whl", hash = "sha256:36b2d700a27e168fa96272b42d28c7ac3ff72030c67b32f37c05616ebd22a202"},
    {file = "regex-2022.1.18-cp37-cp37m-musllinux_1_1_s390x.whl", hash = "sha256:16f81025bb3556eccb0681d7946e2b35ff254f9f888cff7d2120e8826330315c"},
    {file = "regex-2022.1.18-cp37-cp37m-musllinux_1_1_x86_64.whl", hash = "sha256:da80047524eac2acf7c04c18ac7a7da05a9136241f642dd2ed94269ef0d0a45a"},
    {file = "regex-2022.1.18-cp37-cp37m-win32.whl", hash = "sha256:6ca45359d7a21644793de0e29de497ef7f1ae7268e346c4faf87b421fea364e6"},
    {file = "regex-2022.1.18-cp37-cp37m-win_amd64.whl", hash = "sha256:38289f1690a7e27aacd049e420769b996826f3728756859420eeee21cc857118"},
    {file = "regex-2022.1.18-cp38-cp38-macosx_10_9_x86_64.whl", hash = "sha256:6014038f52b4b2ac1fa41a58d439a8a00f015b5c0735a0cd4b09afe344c94899"},
    {file = "regex-2022.1.18-cp38-cp38-macosx_11_0_arm64.whl", hash = "sha256:0b5d6f9aed3153487252d00a18e53f19b7f52a1651bc1d0c4b5844bc286dfa52"},
    {file = "regex-2022.1.18-cp38-cp38-manylinux_2_17_aarch64.manylinux2014_aarch64.whl", hash = "sha256:a9d24b03daf7415f78abc2d25a208f234e2c585e5e6f92f0204d2ab7b9ab48e3"},
    {file = "regex-2022.1.18-cp38-cp38-manylinux_2_17_ppc64le.manylinux2014_ppc64le.whl", hash = "sha256:bf594cc7cc9d528338d66674c10a5b25e3cde7dd75c3e96784df8f371d77a298"},
    {file = "regex-2022.1.18-cp38-cp38-manylinux_2_17_s390x.manylinux2014_s390x.whl", hash = "sha256:fd914db437ec25bfa410f8aa0aa2f3ba87cdfc04d9919d608d02330947afaeab"},
    {file = "regex-2022.1.18-cp38-cp38-manylinux_2_17_x86_64.manylinux2014_x86_64.whl", hash = "sha256:90b6840b6448203228a9d8464a7a0d99aa8fa9f027ef95fe230579abaf8a6ee1"},
    {file = "regex-2022.1.18-cp38-cp38-manylinux_2_5_i686.manylinux1_i686.manylinux_2_17_i686.manylinux2014_i686.whl", hash = "sha256:11772be1eb1748e0e197a40ffb82fb8fd0d6914cd147d841d9703e2bef24d288"},
    {file = "regex-2022.1.18-cp38-cp38-manylinux_2_5_x86_64.manylinux1_x86_64.manylinux_2_12_x86_64.manylinux2010_x86_64.whl", hash = "sha256:a602bdc8607c99eb5b391592d58c92618dcd1537fdd87df1813f03fed49957a6"},
    {file = "regex-2022.1.18-cp38-cp38-musllinux_1_1_aarch64.whl", hash = "sha256:7e26eac9e52e8ce86f915fd33380f1b6896a2b51994e40bb094841e5003429b4"},
    {file = "regex-2022.1.18-cp38-cp38-musllinux_1_1_i686.whl", hash = "sha256:519c0b3a6fbb68afaa0febf0d28f6c4b0a1074aefc484802ecb9709faf181607"},
    {file = "regex-2022.1.18-cp38-cp38-musllinux_1_1_ppc64le.whl", hash = "sha256:3c7ea86b9ca83e30fa4d4cd0eaf01db3ebcc7b2726a25990966627e39577d729"},
    {file = "regex-2022.1.18-cp38-cp38-musllinux_1_1_s390x.whl", hash = "sha256:51f02ca184518702975b56affde6c573ebad4e411599005ce4468b1014b4786c"},
    {file = "regex-2022.1.18-cp38-cp38-musllinux_1_1_x86_64.whl", hash = "sha256:385ccf6d011b97768a640e9d4de25412204fbe8d6b9ae39ff115d4ff03f6fe5d"},
    {file = "regex-2022.1.18-cp38-cp38-win32.whl", hash = "sha256:1f8c0ae0a0de4e19fddaaff036f508db175f6f03db318c80bbc239a1def62d02"},
    {file = "regex-2022.1.18-cp38-cp38-win_amd64.whl", hash = "sha256:760c54ad1b8a9b81951030a7e8e7c3ec0964c1cb9fee585a03ff53d9e531bb8e"},
    {file = "regex-2022.1.18-cp39-cp39-macosx_10_9_x86_64.whl", hash = "sha256:93c20777a72cae8620203ac11c4010365706062aa13aaedd1a21bb07adbb9d5d"},
    {file = "regex-2022.1.18-cp39-cp39-macosx_11_0_arm64.whl", hash = "sha256:6aa427c55a0abec450bca10b64446331b5ca8f79b648531138f357569705bc4a"},
    {file = "regex-2022.1.18-cp39-cp39-manylinux_2_17_aarch64.manylinux2014_aarch64.whl", hash = "sha256:c38baee6bdb7fe1b110b6b3aaa555e6e872d322206b7245aa39572d3fc991ee4"},
    {file = "regex-2022.1.18-cp39-cp39-manylinux_2_17_ppc64le.manylinux2014_ppc64le.whl", hash = "sha256:752e7ddfb743344d447367baa85bccd3629c2c3940f70506eb5f01abce98ee68"},
    {file = "regex-2022.1.18-cp39-cp39-manylinux_2_17_s390x.manylinux2014_s390x.whl", hash = "sha256:8acef4d8a4353f6678fd1035422a937c2170de58a2b29f7da045d5249e934101"},
    {file = "regex-2022.1.18-cp39-cp39-manylinux_2_17_x86_64.manylinux2014_x86_64.whl", hash = "sha256:c73d2166e4b210b73d1429c4f1ca97cea9cc090e5302df2a7a0a96ce55373f1c"},
    {file = "regex-2022.1.18-cp39-cp39-manylinux_2_5_i686.manylinux1_i686.manylinux_2_17_i686.manylinux2014_i686.whl", hash = "sha256:24c89346734a4e4d60ecf9b27cac4c1fee3431a413f7aa00be7c4d7bbacc2c4d"},
    {file = "regex-2022.1.18-cp39-cp39-manylinux_2_5_x86_64.manylinux1_x86_64.manylinux_2_12_x86_64.manylinux2010_x86_64.whl", hash = "sha256:596f5ae2eeddb79b595583c2e0285312b2783b0ec759930c272dbf02f851ff75"},
    {file = "regex-2022.1.18-cp39-cp39-musllinux_1_1_aarch64.whl", hash = "sha256:ecfe51abf7f045e0b9cdde71ca9e153d11238679ef7b5da6c82093874adf3338"},
    {file = "regex-2022.1.18-cp39-cp39-musllinux_1_1_i686.whl", hash = "sha256:1d6301f5288e9bdca65fab3de6b7de17362c5016d6bf8ee4ba4cbe833b2eda0f"},
    {file = "regex-2022.1.18-cp39-cp39-musllinux_1_1_ppc64le.whl", hash = "sha256:93cce7d422a0093cfb3606beae38a8e47a25232eea0f292c878af580a9dc7605"},
    {file = "regex-2022.1.18-cp39-cp39-musllinux_1_1_s390x.whl", hash = "sha256:cf0db26a1f76aa6b3aa314a74b8facd586b7a5457d05b64f8082a62c9c49582a"},
    {file = "regex-2022.1.18-cp39-cp39-musllinux_1_1_x86_64.whl", hash = "sha256:defa0652696ff0ba48c8aff5a1fac1eef1ca6ac9c660b047fc8e7623c4eb5093"},
    {file = "regex-2022.1.18-cp39-cp39-win32.whl", hash = "sha256:6db1b52c6f2c04fafc8da17ea506608e6be7086715dab498570c3e55e4f8fbd1"},
    {file = "regex-2022.1.18-cp39-cp39-win_amd64.whl", hash = "sha256:ebaeb93f90c0903233b11ce913a7cb8f6ee069158406e056f884854c737d2442"},
    {file = "regex-2022.1.18.tar.gz", hash = "sha256:97f32dc03a8054a4c4a5ab5d761ed4861e828b2c200febd4e46857069a483916"},
]
requests = [
    {file = "requests-2.27.1-py2.py3-none-any.whl", hash = "sha256:f22fa1e554c9ddfd16e6e41ac79759e17be9e492b3587efa038054674760e72d"},
    {file = "requests-2.27.1.tar.gz", hash = "sha256:68d7c56fd5a8999887728ef304a6d12edc7be74f1cfa47714fc8b414525c9a61"},
]
responses = [
    {file = "responses-0.16.0-py2.py3-none-any.whl", hash = "sha256:f358ef75e8bf431b0aa203cc62625c3a1c80a600dbe9de91b944bf4e9c600b92"},
    {file = "responses-0.16.0.tar.gz", hash = "sha256:a2e3aca2a8277e61257cd3b1c154b1dd0d782b1ae3d38b7fa37cbe3feb531791"},
]
six = [
    {file = "six-1.16.0-py2.py3-none-any.whl", hash = "sha256:8abb2f1d86890a2dfb989f9a77cfcfd3e47c2a354b01111771326f8aa26e0254"},
    {file = "six-1.16.0.tar.gz", hash = "sha256:1e61c37477a1626458e36f7b1d82aa5c9b094fa4802892072e49de9c60c4c926"},
]
toml = [
    {file = "toml-0.10.2-py2.py3-none-any.whl", hash = "sha256:806143ae5bfb6a3c6e736a764057db0e6a0e05e338b5630894a5f779cabb4f9b"},
    {file = "toml-0.10.2.tar.gz", hash = "sha256:b3bda1d108d5dd99f4a20d24d9c348e91c4db7ab1b749200bded2f839ccbe68f"},
]
typed-ast = [
    {file = "typed_ast-1.5.2-cp310-cp310-macosx_10_9_x86_64.whl", hash = "sha256:183b183b7771a508395d2cbffd6db67d6ad52958a5fdc99f450d954003900266"},
    {file = "typed_ast-1.5.2-cp310-cp310-macosx_11_0_arm64.whl", hash = "sha256:676d051b1da67a852c0447621fdd11c4e104827417bf216092ec3e286f7da596"},
    {file = "typed_ast-1.5.2-cp310-cp310-manylinux_2_17_aarch64.manylinux2014_aarch64.whl", hash = "sha256:bc2542e83ac8399752bc16e0b35e038bdb659ba237f4222616b4e83fb9654985"},
    {file = "typed_ast-1.5.2-cp310-cp310-manylinux_2_5_x86_64.manylinux1_x86_64.manylinux_2_12_x86_64.manylinux2010_x86_64.whl", hash = "sha256:74cac86cc586db8dfda0ce65d8bcd2bf17b58668dfcc3652762f3ef0e6677e76"},
    {file = "typed_ast-1.5.2-cp310-cp310-win_amd64.whl", hash = "sha256:18fe320f354d6f9ad3147859b6e16649a0781425268c4dde596093177660e71a"},
    {file = "typed_ast-1.5.2-cp36-cp36m-macosx_10_9_x86_64.whl", hash = "sha256:31d8c6b2df19a777bc8826770b872a45a1f30cfefcfd729491baa5237faae837"},
    {file = "typed_ast-1.5.2-cp36-cp36m-manylinux_2_17_aarch64.manylinux2014_aarch64.whl", hash = "sha256:963a0ccc9a4188524e6e6d39b12c9ca24cc2d45a71cfdd04a26d883c922b4b78"},
    {file = "typed_ast-1.5.2-cp36-cp36m-manylinux_2_5_x86_64.manylinux1_x86_64.manylinux_2_12_x86_64.manylinux2010_x86_64.whl", hash = "sha256:0eb77764ea470f14fcbb89d51bc6bbf5e7623446ac4ed06cbd9ca9495b62e36e"},
    {file = "typed_ast-1.5.2-cp36-cp36m-win_amd64.whl", hash = "sha256:294a6903a4d087db805a7656989f613371915fc45c8cc0ddc5c5a0a8ad9bea4d"},
    {file = "typed_ast-1.5.2-cp37-cp37m-macosx_10_9_x86_64.whl", hash = "sha256:26a432dc219c6b6f38be20a958cbe1abffcc5492821d7e27f08606ef99e0dffd"},
    {file = "typed_ast-1.5.2-cp37-cp37m-manylinux_2_17_aarch64.manylinux2014_aarch64.whl", hash = "sha256:c7407cfcad702f0b6c0e0f3e7ab876cd1d2c13b14ce770e412c0c4b9728a0f88"},
    {file = "typed_ast-1.5.2-cp37-cp37m-manylinux_2_5_x86_64.manylinux1_x86_64.manylinux_2_12_x86_64.manylinux2010_x86_64.whl", hash = "sha256:f30ddd110634c2d7534b2d4e0e22967e88366b0d356b24de87419cc4410c41b7"},
    {file = "typed_ast-1.5.2-cp37-cp37m-win_amd64.whl", hash = "sha256:8c08d6625bb258179b6e512f55ad20f9dfef019bbfbe3095247401e053a3ea30"},
    {file = "typed_ast-1.5.2-cp38-cp38-macosx_10_9_x86_64.whl", hash = "sha256:90904d889ab8e81a956f2c0935a523cc4e077c7847a836abee832f868d5c26a4"},
    {file = "typed_ast-1.5.2-cp38-cp38-macosx_11_0_arm64.whl", hash = "sha256:bbebc31bf11762b63bf61aaae232becb41c5bf6b3461b80a4df7e791fabb3aca"},
    {file = "typed_ast-1.5.2-cp38-cp38-manylinux_2_17_aarch64.manylinux2014_aarch64.whl", hash = "sha256:c29dd9a3a9d259c9fa19d19738d021632d673f6ed9b35a739f48e5f807f264fb"},
    {file = "typed_ast-1.5.2-cp38-cp38-manylinux_2_5_x86_64.manylinux1_x86_64.manylinux_2_12_x86_64.manylinux2010_x86_64.whl", hash = "sha256:58ae097a325e9bb7a684572d20eb3e1809802c5c9ec7108e85da1eb6c1a3331b"},
    {file = "typed_ast-1.5.2-cp38-cp38-win_amd64.whl", hash = "sha256:da0a98d458010bf4fe535f2d1e367a2e2060e105978873c04c04212fb20543f7"},
    {file = "typed_ast-1.5.2-cp39-cp39-macosx_10_9_x86_64.whl", hash = "sha256:33b4a19ddc9fc551ebabca9765d54d04600c4a50eda13893dadf67ed81d9a098"},
    {file = "typed_ast-1.5.2-cp39-cp39-macosx_11_0_arm64.whl", hash = "sha256:1098df9a0592dd4c8c0ccfc2e98931278a6c6c53cb3a3e2cf7e9ee3b06153344"},
    {file = "typed_ast-1.5.2-cp39-cp39-manylinux_2_17_aarch64.manylinux2014_aarch64.whl", hash = "sha256:42c47c3b43fe3a39ddf8de1d40dbbfca60ac8530a36c9b198ea5b9efac75c09e"},
    {file = "typed_ast-1.5.2-cp39-cp39-manylinux_2_5_x86_64.manylinux1_x86_64.manylinux_2_12_x86_64.manylinux2010_x86_64.whl", hash = "sha256:f290617f74a610849bd8f5514e34ae3d09eafd521dceaa6cf68b3f4414266d4e"},
    {file = "typed_ast-1.5.2-cp39-cp39-win_amd64.whl", hash = "sha256:df05aa5b241e2e8045f5f4367a9f6187b09c4cdf8578bb219861c4e27c443db5"},
    {file = "typed_ast-1.5.2.tar.gz", hash = "sha256:525a2d4088e70a9f75b08b3f87a51acc9cde640e19cc523c7e41aa355564ae27"},
]
typing-extensions = [
    {file = "typing_extensions-4.1.1-py3-none-any.whl", hash = "sha256:21c85e0fe4b9a155d0799430b0ad741cdce7e359660ccbd8b530613e8df88ce2"},
    {file = "typing_extensions-4.1.1.tar.gz", hash = "sha256:1a9462dcc3347a79b1f1c0271fbe79e844580bb598bafa1ed208b94da3cdcd42"},
]
urllib3 = [
    {file = "urllib3-1.26.8-py2.py3-none-any.whl", hash = "sha256:000ca7f471a233c2251c6c7023ee85305721bfdf18621ebff4fd17a8653427ed"},
    {file = "urllib3-1.26.8.tar.gz", hash = "sha256:0e7c33d9a63e7ddfcb86780aac87befc2fbddf46c58dbb487e0855f7ceec283c"},
]
zipp = [
    {file = "zipp-3.7.0-py3-none-any.whl", hash = "sha256:b47250dd24f92b7dd6a0a8fc5244da14608f3ca90a5efcd37a3b1642fac9a375"},
    {file = "zipp-3.7.0.tar.gz", hash = "sha256:9f50f446828eb9d45b267433fd3e9da8d801f614129124863f9c51ebceafb87d"},
]
